
Microsoft Visual Studio Solution File, Format Version 12.00
# Visual Studio 2012
Project("{FAE04EC0-301F-11D3-BF4B-00C04F79EFBC}") = "FileFormatWavefront", "FileFormatWavefront\FileFormatWavefront.csproj", "{878EC1C4-D57E-4749-AE1F-41F393977655}"
EndProject
Project("{FAE04EC0-301F-11D3-BF4B-00C04F79EFBC}") = "WavefrontObjectLoader", "WavefrontObjectLoader\WavefrontObjectLoader.csproj", "{EA7A4D48-969F-4E19-8BAB-BBC051F1C3EE}"
EndProject
Global
	GlobalSection(SolutionConfigurationPlatforms) = preSolution
		Debug|Any CPU = Debug|Any CPU
		Release|Any CPU = Release|Any CPU
	EndGlobalSection
	GlobalSection(ProjectConfigurationPlatforms) = postSolution
		{878EC1C4-D57E-4749-AE1F-41F393977655}.Debug|Any CPU.ActiveCfg = Debug|Any CPU
		{878EC1C4-D57E-4749-AE1F-41F393977655}.Debug|Any CPU.Build.0 = Debug|Any CPU
		{878EC1C4-D57E-4749-AE1F-41F393977655}.Release|Any CPU.ActiveCfg = Release|Any CPU
		{878EC1C4-D57E-4749-AE1F-41F393977655}.Release|Any CPU.Build.0 = Release|Any CPU
		{EA7A4D48-969F-4E19-8BAB-BBC051F1C3EE}.Debug|Any CPU.ActiveCfg = Debug|Any CPU
		{EA7A4D48-969F-4E19-8BAB-BBC051F1C3EE}.Debug|Any CPU.Build.0 = Debug|Any CPU
		{EA7A4D48-969F-4E19-8BAB-BBC051F1C3EE}.Release|Any CPU.ActiveCfg = Release|Any CPU
		{EA7A4D48-969F-4E19-8BAB-BBC051F1C3EE}.Release|Any CPU.Build.0 = Release|Any CPU
	EndGlobalSection
	GlobalSection(SolutionProperties) = preSolution
		HideSolutionNode = FALSE
	EndGlobalSection
EndGlobal
